
Microsoft Visual Studio Solution File, Format Version 12.00
# Visual Studio Version 17
VisualStudioVersion = 17.6.33829.357
MinimumVisualStudioVersion = 10.0.40219.1
Project("{2150E333-8FDC-42A3-9474-1A3956D46DE8}") = "Angular", "Angular", "{A7073C10-EF22-44C5-9716-3555FC955EAC}"
EndProject
Project("{2150E333-8FDC-42A3-9474-1A3956D46DE8}") = "GateWay", "GateWay", "{2B547117-7A8E-49AE-ACE7-2C47EBD6A3F3}"
EndProject
Project("{2150E333-8FDC-42A3-9474-1A3956D46DE8}") = "Services", "Services", "{51BC2D78-D271-480E-8DD6-C727997C7F07}"
	ProjectSection(SolutionItems) = preProject
		ownapiexception.snippet = ownapiexception.snippet
	EndProjectSection
EndProject
Project("{2150E333-8FDC-42A3-9474-1A3956D46DE8}") = "Integration", "Integration", "{9EDED1C3-CF24-4AAB-92A5-E6417E64B1A8}"
EndProject
Project("{2150E333-8FDC-42A3-9474-1A3956D46DE8}") = "CouponAPI", "CouponAPI", "{04DE43DB-C489-4FBC-B928-408CD22D6489}"
EndProject
Project("{9A19103F-16F7-4668-BE54-9A1E7A4F7556}") = "ECOM.Services.CouponAPI", "CouponAPI\CouponAPI\ECOM.Services.CouponAPI.csproj", "{23A041A9-1666-4C87-9848-E9BAF09AAC4E}"
EndProject
Project("{2150E333-8FDC-42A3-9474-1A3956D46DE8}") = "web", "web", "{16ABC612-A226-48C2-A9C5-FFC52AB99168}"
EndProject
Project("{9A19103F-16F7-4668-BE54-9A1E7A4F7556}") = "ECOM.Web", "Ecom.Web\ECOM.Web.csproj", "{6730CEFC-15AD-4E09-BE29-E4DDF6CEF59B}"
EndProject
Project("{2150E333-8FDC-42A3-9474-1A3956D46DE8}") = "Authentication", "Authentication", "{68BFD905-0545-4FF2-ACAA-C752338C20A8}"
EndProject
Project("{9A19103F-16F7-4668-BE54-9A1E7A4F7556}") = "ECOM.Services.AuthAPI", "Ecom.Services.AuthAPI\ECOM.Services.AuthAPI.csproj", "{3014AD9F-244D-4D56-A7F7-A798A2986D2F}"
EndProject
Project("{2150E333-8FDC-42A3-9474-1A3956D46DE8}") = "Solution Items", "Solution Items", "{E68CFEC8-82FF-4001-8F2C-65864CEB2013}"
	ProjectSection(SolutionItems) = preProject
		.gitignore = .gitignore
		README.md = README.md
	EndProjectSection
EndProject
Project("{2150E333-8FDC-42A3-9474-1A3956D46DE8}") = "ProductAPI", "ProductAPI", "{275822CF-7B39-46D3-8279-298E76BFCBBB}"
EndProject
Project("{9A19103F-16F7-4668-BE54-9A1E7A4F7556}") = "ECOM.ProductAPI", "ECOM.ProductionAPI\ECOM.ProductAPI.csproj", "{21750DF4-6901-4883-8AC7-48E9F8E53D59}"
EndProject
Project("{2150E333-8FDC-42A3-9474-1A3956D46DE8}") = "ShoppingCart", "ShoppingCart", "{41F1C27E-AD15-45B3-932F-0B88D8B5CC9E}"
EndProject
Project("{9A19103F-16F7-4668-BE54-9A1E7A4F7556}") = "ECOM.Services.ShoppingCartAPI", "ECOM.Services.ShoppingCartAPI\ECOM.Services.ShoppingCartAPI.csproj", "{256E0471-D8B1-4083-B03E-CBE8387099C2}"
EndProject
Project("{9A19103F-16F7-4668-BE54-9A1E7A4F7556}") = "Ecom.MessageBus", "Integration\Ecom.MessageBus\Ecom.MessageBus.csproj", "{4ECC3AD5-65F5-4106-B6C3-8486F2A32667}"
EndProject
Project("{9A19103F-16F7-4668-BE54-9A1E7A4F7556}") = "Ecom.EmailAPI", "Ecom.Email\Ecom.EmailAPI.csproj", "{78D3068B-46EE-4773-8A7D-20D179677647}"
EndProject
Project("{2150E333-8FDC-42A3-9474-1A3956D46DE8}") = "EmailLogger", "EmailLogger", "{C493F84B-537E-4281-A05D-B22A16111A17}"
EndProject
Project("{2150E333-8FDC-42A3-9474-1A3956D46DE8}") = "OrderAPI", "OrderAPI", "{34B525E7-A2AA-4C35-8E15-69010164B92B}"
EndProject
Project("{FAE04EC0-301F-11D3-BF4B-00C04F79EFBC}") = "ECOM.Services.OrderAPI", "ECOM.Services.OrderAPI\ECOM.Services.OrderAPI.csproj", "{15AED8DD-398C-4750-8551-FA77AC0AF460}"
EndProject
Global
	GlobalSection(SolutionConfigurationPlatforms) = preSolution
		Debug|Any CPU = Debug|Any CPU
		Release|Any CPU = Release|Any CPU
	EndGlobalSection
	GlobalSection(ProjectConfigurationPlatforms) = postSolution
		{23A041A9-1666-4C87-9848-E9BAF09AAC4E}.Debug|Any CPU.ActiveCfg = Debug|Any CPU
		{23A041A9-1666-4C87-9848-E9BAF09AAC4E}.Debug|Any CPU.Build.0 = Debug|Any CPU
		{23A041A9-1666-4C87-9848-E9BAF09AAC4E}.Release|Any CPU.ActiveCfg = Release|Any CPU
		{23A041A9-1666-4C87-9848-E9BAF09AAC4E}.Release|Any CPU.Build.0 = Release|Any CPU
		{6730CEFC-15AD-4E09-BE29-E4DDF6CEF59B}.Debug|Any CPU.ActiveCfg = Debug|Any CPU
		{6730CEFC-15AD-4E09-BE29-E4DDF6CEF59B}.Debug|Any CPU.Build.0 = Debug|Any CPU
		{6730CEFC-15AD-4E09-BE29-E4DDF6CEF59B}.Release|Any CPU.ActiveCfg = Release|Any CPU
		{6730CEFC-15AD-4E09-BE29-E4DDF6CEF59B}.Release|Any CPU.Build.0 = Release|Any CPU
		{3014AD9F-244D-4D56-A7F7-A798A2986D2F}.Debug|Any CPU.ActiveCfg = Debug|Any CPU
		{3014AD9F-244D-4D56-A7F7-A798A2986D2F}.Debug|Any CPU.Build.0 = Debug|Any CPU
		{3014AD9F-244D-4D56-A7F7-A798A2986D2F}.Release|Any CPU.ActiveCfg = Release|Any CPU
		{3014AD9F-244D-4D56-A7F7-A798A2986D2F}.Release|Any CPU.Build.0 = Release|Any CPU
		{21750DF4-6901-4883-8AC7-48E9F8E53D59}.Debug|Any CPU.ActiveCfg = Debug|Any CPU
		{21750DF4-6901-4883-8AC7-48E9F8E53D59}.Debug|Any CPU.Build.0 = Debug|Any CPU
		{21750DF4-6901-4883-8AC7-48E9F8E53D59}.Release|Any CPU.ActiveCfg = Release|Any CPU
		{21750DF4-6901-4883-8AC7-48E9F8E53D59}.Release|Any CPU.Build.0 = Release|Any CPU
		{256E0471-D8B1-4083-B03E-CBE8387099C2}.Debug|Any CPU.ActiveCfg = Debug|Any CPU
		{256E0471-D8B1-4083-B03E-CBE8387099C2}.Debug|Any CPU.Build.0 = Debug|Any CPU
		{256E0471-D8B1-4083-B03E-CBE8387099C2}.Release|Any CPU.ActiveCfg = Release|Any CPU
		{256E0471-D8B1-4083-B03E-CBE8387099C2}.Release|Any CPU.Build.0 = Release|Any CPU
		{4ECC3AD5-65F5-4106-B6C3-8486F2A32667}.Debug|Any CPU.ActiveCfg = Debug|Any CPU
		{4ECC3AD5-65F5-4106-B6C3-8486F2A32667}.Debug|Any CPU.Build.0 = Debug|Any CPU
		{4ECC3AD5-65F5-4106-B6C3-8486F2A32667}.Release|Any CPU.ActiveCfg = Release|Any CPU
		{4ECC3AD5-65F5-4106-B6C3-8486F2A32667}.Release|Any CPU.Build.0 = Release|Any CPU
		{78D3068B-46EE-4773-8A7D-20D179677647}.Debug|Any CPU.ActiveCfg = Debug|Any CPU
		{78D3068B-46EE-4773-8A7D-20D179677647}.Debug|Any CPU.Build.0 = Debug|Any CPU
		{78D3068B-46EE-4773-8A7D-20D179677647}.Release|Any CPU.ActiveCfg = Release|Any CPU
		{78D3068B-46EE-4773-8A7D-20D179677647}.Release|Any CPU.Build.0 = Release|Any CPU
		{15AED8DD-398C-4750-8551-FA77AC0AF460}.Debug|Any CPU.ActiveCfg = Debug|Any CPU
		{15AED8DD-398C-4750-8551-FA77AC0AF460}.Debug|Any CPU.Build.0 = Debug|Any CPU
		{15AED8DD-398C-4750-8551-FA77AC0AF460}.Release|Any CPU.ActiveCfg = Release|Any CPU
		{15AED8DD-398C-4750-8551-FA77AC0AF460}.Release|Any CPU.Build.0 = Release|Any CPU
	EndGlobalSection
	GlobalSection(SolutionProperties) = preSolution
		HideSolutionNode = FALSE
	EndGlobalSection
	GlobalSection(NestedProjects) = preSolution
		{04DE43DB-C489-4FBC-B928-408CD22D6489} = {51BC2D78-D271-480E-8DD6-C727997C7F07}
		{23A041A9-1666-4C87-9848-E9BAF09AAC4E} = {04DE43DB-C489-4FBC-B928-408CD22D6489}
		{6730CEFC-15AD-4E09-BE29-E4DDF6CEF59B} = {16ABC612-A226-48C2-A9C5-FFC52AB99168}
		{68BFD905-0545-4FF2-ACAA-C752338C20A8} = {51BC2D78-D271-480E-8DD6-C727997C7F07}
		{3014AD9F-244D-4D56-A7F7-A798A2986D2F} = {68BFD905-0545-4FF2-ACAA-C752338C20A8}
		{275822CF-7B39-46D3-8279-298E76BFCBBB} = {51BC2D78-D271-480E-8DD6-C727997C7F07}
		{21750DF4-6901-4883-8AC7-48E9F8E53D59} = {275822CF-7B39-46D3-8279-298E76BFCBBB}
		{41F1C27E-AD15-45B3-932F-0B88D8B5CC9E} = {51BC2D78-D271-480E-8DD6-C727997C7F07}
		{256E0471-D8B1-4083-B03E-CBE8387099C2} = {41F1C27E-AD15-45B3-932F-0B88D8B5CC9E}
		{4ECC3AD5-65F5-4106-B6C3-8486F2A32667} = {9EDED1C3-CF24-4AAB-92A5-E6417E64B1A8}
		{78D3068B-46EE-4773-8A7D-20D179677647} = {C493F84B-537E-4281-A05D-B22A16111A17}
		{C493F84B-537E-4281-A05D-B22A16111A17} = {51BC2D78-D271-480E-8DD6-C727997C7F07}
		{34B525E7-A2AA-4C35-8E15-69010164B92B} = {51BC2D78-D271-480E-8DD6-C727997C7F07}
		{15AED8DD-398C-4750-8551-FA77AC0AF460} = {34B525E7-A2AA-4C35-8E15-69010164B92B}
	EndGlobalSection
	GlobalSection(ExtensibilityGlobals) = postSolution
		SolutionGuid = {725F0E6A-9537-4733-8322-230E7F28A17B}
	EndGlobalSection
EndGlobal
